
Microsoft Visual Studio Solution File, Format Version 12.00
# Visual Studio Version 17
VisualStudioVersion = 17.7.34221.43
MinimumVisualStudioVersion = 10.0.40219.1
Project("{9A19103F-16F7-4668-BE54-9A1E7A4F7556}") = "BedrockReplay", "BedrockReplay\BedrockReplay.csproj", "{05A2AF95-F719-43CD-B006-A9B0D80DE111}"
EndProject
Project("{9A19103F-16F7-4668-BE54-9A1E7A4F7556}") = "SharpVE", "..\SharpVE\SharpVE\SharpVE.csproj", "{56318247-ED04-4B54-91F9-45CCAA372EB2}"
EndProject
Project("{9A19103F-16F7-4668-BE54-9A1E7A4F7556}") = "AvionEngine", "AvionEngine\AvionEngine\AvionEngine.csproj", "{FDDA5DD2-8392-4B69-99EC-0D9B02F6748A}"
EndProject
Global
	GlobalSection(SolutionConfigurationPlatforms) = preSolution
		Debug|Any CPU = Debug|Any CPU
		Release|Any CPU = Release|Any CPU
	EndGlobalSection
	GlobalSection(ProjectConfigurationPlatforms) = postSolution
		{05A2AF95-F719-43CD-B006-A9B0D80DE111}.Debug|Any CPU.ActiveCfg = Debug|Any CPU
		{05A2AF95-F719-43CD-B006-A9B0D80DE111}.Debug|Any CPU.Build.0 = Debug|Any CPU
		{05A2AF95-F719-43CD-B006-A9B0D80DE111}.Release|Any CPU.ActiveCfg = Release|Any CPU
		{05A2AF95-F719-43CD-B006-A9B0D80DE111}.Release|Any CPU.Build.0 = Release|Any CPU
		{56318247-ED04-4B54-91F9-45CCAA372EB2}.Debug|Any CPU.ActiveCfg = Debug|Any CPU
		{56318247-ED04-4B54-91F9-45CCAA372EB2}.Debug|Any CPU.Build.0 = Debug|Any CPU
		{56318247-ED04-4B54-91F9-45CCAA372EB2}.Release|Any CPU.ActiveCfg = Release|Any CPU
		{56318247-ED04-4B54-91F9-45CCAA372EB2}.Release|Any CPU.Build.0 = Release|Any CPU
		{FDDA5DD2-8392-4B69-99EC-0D9B02F6748A}.Debug|Any CPU.ActiveCfg = Debug|Any CPU
		{FDDA5DD2-8392-4B69-99EC-0D9B02F6748A}.Debug|Any CPU.Build.0 = Debug|Any CPU
		{FDDA5DD2-8392-4B69-99EC-0D9B02F6748A}.Release|Any CPU.ActiveCfg = Release|Any CPU
		{FDDA5DD2-8392-4B69-99EC-0D9B02F6748A}.Release|Any CPU.Build.0 = Release|Any CPU
	EndGlobalSection
	GlobalSection(SolutionProperties) = preSolution
		HideSolutionNode = FALSE
	EndGlobalSection
	GlobalSection(ExtensibilityGlobals) = postSolution
		SolutionGuid = {40689977-CFBF-4A01-8DF0-4794C1874C9F}
	EndGlobalSection
EndGlobal
